
Microsoft Visual Studio Solution File, Format Version 12.00
# Visual Studio 15
VisualStudioVersion = 15.0.27428.2037
MinimumVisualStudioVersion = 10.0.40219.1
Project("{FAE04EC0-301F-11D3-BF4B-00C04F79EFBC}") = "AudioMail", "AudioMail\AudioMail.csproj", "{011C210D-9CF9-4480-AA8F-E99635A9FD72}"
EndProject
Global
	GlobalSection(SolutionConfigurationPlatforms) = preSolution
		Debug|Any CPU = Debug|Any CPU
		Release|Any CPU = Release|Any CPU
	EndGlobalSection
	GlobalSection(ProjectConfigurationPlatforms) = postSolution
		{011C210D-9CF9-4480-AA8F-E99635A9FD72}.Debug|Any CPU.ActiveCfg = Debug|Any CPU
		{011C210D-9CF9-4480-AA8F-E99635A9FD72}.Debug|Any CPU.Build.0 = Debug|Any CPU
		{011C210D-9CF9-4480-AA8F-E99635A9FD72}.Release|Any CPU.ActiveCfg = Release|Any CPU
		{011C210D-9CF9-4480-AA8F-E99635A9FD72}.Release|Any CPU.Build.0 = Release|Any CPU
	EndGlobalSection
	GlobalSection(SolutionProperties) = preSolution
		HideSolutionNode = FALSE
	EndGlobalSection
	GlobalSection(ExtensibilityGlobals) = postSolution
		SolutionGuid = {6954EE3E-7D66-489D-A212-94200F8F351E}
	EndGlobalSection
EndGlobal
